
Microsoft Visual Studio Solution File, Format Version 12.00
Project("{FAE04EC0-301F-11D3-BF4B-00C04F79EFBC}") = "HW2_Calculator", "HW2_Calculator\HW2_Calculator.csproj", "{64DF24DE-E04E-46D1-BB40-B3B0EE425FE6}"
EndProject
Project("{FAE04EC0-301F-11D3-BF4B-00C04F79EFBC}") = "HW2_Calculator.Tests", "HW2_Calculator.Tests\HW2_Calculator.Tests.csproj", "{5BEE8D3F-EE17-419C-B90F-660742B805AA}"
EndProject
Global
	GlobalSection(SolutionConfigurationPlatforms) = preSolution
		Debug|Any CPU = Debug|Any CPU
		Release|Any CPU = Release|Any CPU
	EndGlobalSection
	GlobalSection(ProjectConfigurationPlatforms) = postSolution
		{64DF24DE-E04E-46D1-BB40-B3B0EE425FE6}.Debug|Any CPU.ActiveCfg = Debug|Any CPU
		{64DF24DE-E04E-46D1-BB40-B3B0EE425FE6}.Debug|Any CPU.Build.0 = Debug|Any CPU
		{64DF24DE-E04E-46D1-BB40-B3B0EE425FE6}.Release|Any CPU.ActiveCfg = Release|Any CPU
		{64DF24DE-E04E-46D1-BB40-B3B0EE425FE6}.Release|Any CPU.Build.0 = Release|Any CPU
		{5BEE8D3F-EE17-419C-B90F-660742B805AA}.Debug|Any CPU.ActiveCfg = Debug|Any CPU
		{5BEE8D3F-EE17-419C-B90F-660742B805AA}.Debug|Any CPU.Build.0 = Debug|Any CPU
		{5BEE8D3F-EE17-419C-B90F-660742B805AA}.Release|Any CPU.ActiveCfg = Release|Any CPU
		{5BEE8D3F-EE17-419C-B90F-660742B805AA}.Release|Any CPU.Build.0 = Release|Any CPU
	EndGlobalSection
EndGlobal
