
Microsoft Visual Studio Solution File, Format Version 12.00
# Visual Studio Version 17
VisualStudioVersion = 17.5.33530.505
MinimumVisualStudioVersion = 10.0.40219.1
Project("{FAE04EC0-301F-11D3-BF4B-00C04F79EFBC}") = "Calculator", "Calculator.csproj", "{D586A145-C2B3-417C-9D1B-AD469247E91A}"
EndProject
Project("{FAE04EC0-301F-11D3-BF4B-00C04F79EFBC}") = "TestCalculator", "..\TestCalculator\TestCalculator.csproj", "{BE8BABA7-6EA2-46ED-9AAB-A06F242BF4A5}"
EndProject
Global
	GlobalSection(SolutionConfigurationPlatforms) = preSolution
		Debug|Any CPU = Debug|Any CPU
		Release|Any CPU = Release|Any CPU
	EndGlobalSection
	GlobalSection(ProjectConfigurationPlatforms) = postSolution
		{D586A145-C2B3-417C-9D1B-AD469247E91A}.Debug|Any CPU.ActiveCfg = Debug|Any CPU
		{D586A145-C2B3-417C-9D1B-AD469247E91A}.Debug|Any CPU.Build.0 = Debug|Any CPU
		{D586A145-C2B3-417C-9D1B-AD469247E91A}.Release|Any CPU.ActiveCfg = Release|Any CPU
		{D586A145-C2B3-417C-9D1B-AD469247E91A}.Release|Any CPU.Build.0 = Release|Any CPU
		{BE8BABA7-6EA2-46ED-9AAB-A06F242BF4A5}.Debug|Any CPU.ActiveCfg = Debug|Any CPU
		{BE8BABA7-6EA2-46ED-9AAB-A06F242BF4A5}.Debug|Any CPU.Build.0 = Debug|Any CPU
		{BE8BABA7-6EA2-46ED-9AAB-A06F242BF4A5}.Release|Any CPU.ActiveCfg = Release|Any CPU
		{BE8BABA7-6EA2-46ED-9AAB-A06F242BF4A5}.Release|Any CPU.Build.0 = Release|Any CPU
	EndGlobalSection
	GlobalSection(SolutionProperties) = preSolution
		HideSolutionNode = FALSE
	EndGlobalSection
	GlobalSection(ExtensibilityGlobals) = postSolution
		SolutionGuid = {616CAF18-FDFD-4336-B3E9-5AD53BE07529}
	EndGlobalSection
EndGlobal
