
Microsoft Visual Studio Solution File, Format Version 12.00
Project("{FAE04EC0-301F-11D3-BF4B-00C04F79EFBC}") = "HW1_BWT", "HW1_BWT\HW1_BWT.csproj", "{BFF198D0-4A24-420F-A336-E0744263F908}"
EndProject
Global
	GlobalSection(SolutionConfigurationPlatforms) = preSolution
		Debug|Any CPU = Debug|Any CPU
		Release|Any CPU = Release|Any CPU
	EndGlobalSection
	GlobalSection(ProjectConfigurationPlatforms) = postSolution
		{BFF198D0-4A24-420F-A336-E0744263F908}.Debug|Any CPU.ActiveCfg = Debug|Any CPU
		{BFF198D0-4A24-420F-A336-E0744263F908}.Debug|Any CPU.Build.0 = Debug|Any CPU
		{BFF198D0-4A24-420F-A336-E0744263F908}.Release|Any CPU.ActiveCfg = Release|Any CPU
		{BFF198D0-4A24-420F-A336-E0744263F908}.Release|Any CPU.Build.0 = Release|Any CPU
	EndGlobalSection
EndGlobal
