
Microsoft Visual Studio Solution File, Format Version 12.00
# Visual Studio Version 17
VisualStudioVersion = 17.5.33530.505
MinimumVisualStudioVersion = 10.0.40219.1
Project("{9A19103F-16F7-4668-BE54-9A1E7A4F7556}") = "TestCalculator", "TestCalculator.csproj", "{AE7D55AF-DE58-4C7D-B93C-07F31A89335B}"
EndProject
Project("{9A19103F-16F7-4668-BE54-9A1E7A4F7556}") = "Calculator", "..\Calculator\Calculator.csproj", "{87A3B2C9-BB65-4FA5-BC31-39A8757D95C3}"
EndProject
Global
	GlobalSection(SolutionConfigurationPlatforms) = preSolution
		Debug|Any CPU = Debug|Any CPU
		Release|Any CPU = Release|Any CPU
	EndGlobalSection
	GlobalSection(ProjectConfigurationPlatforms) = postSolution
		{AE7D55AF-DE58-4C7D-B93C-07F31A89335B}.Debug|Any CPU.ActiveCfg = Debug|Any CPU
		{AE7D55AF-DE58-4C7D-B93C-07F31A89335B}.Debug|Any CPU.Build.0 = Debug|Any CPU
		{AE7D55AF-DE58-4C7D-B93C-07F31A89335B}.Release|Any CPU.ActiveCfg = Release|Any CPU
		{AE7D55AF-DE58-4C7D-B93C-07F31A89335B}.Release|Any CPU.Build.0 = Release|Any CPU
		{87A3B2C9-BB65-4FA5-BC31-39A8757D95C3}.Debug|Any CPU.ActiveCfg = Debug|Any CPU
		{87A3B2C9-BB65-4FA5-BC31-39A8757D95C3}.Debug|Any CPU.Build.0 = Debug|Any CPU
		{87A3B2C9-BB65-4FA5-BC31-39A8757D95C3}.Release|Any CPU.ActiveCfg = Release|Any CPU
		{87A3B2C9-BB65-4FA5-BC31-39A8757D95C3}.Release|Any CPU.Build.0 = Release|Any CPU
	EndGlobalSection
	GlobalSection(SolutionProperties) = preSolution
		HideSolutionNode = FALSE
	EndGlobalSection
	GlobalSection(ExtensibilityGlobals) = postSolution
		SolutionGuid = {7EA30AAA-5184-4D97-883C-C12D6D6CE33F}
	EndGlobalSection
EndGlobal
